# @generated by Move, please check-in and do not edit manually.

[move]
version = 3
manifest_digest = "8C242DA82DA82E942E605C4DCA53D9611FC4A34103C48417B3DEC317AA7FAA62"
deps_digest = "F8BBB0CCB2491CA29A3DF03D6F92277A4F3574266507ACD77214D37ECA3F3082"
dependencies = [
  { id = "Sui", name = "Sui" },
]

[[move.package]]
id = "MoveStdlib"
source = { git = "https://github.com/MystenLabs/sui.git", rev = "framework/testnet", subdir = "crates/sui-framework/packages/move-stdlib" }

[[move.package]]
id = "Sui"
source = { git = "https://github.com/MystenLabs/sui.git", rev = "framework/testnet", subdir = "crates/sui-framework/packages/sui-framework" }

dependencies = [
  { id = "MoveStdlib", name = "MoveStdlib" },
]

[move.toolchain-version]
compiler-version = "1.50.0"
edition = "2024.beta"
flavor = "sui"

[env]

[env.testnet]
chain-id = "4c78adac"
original-published-id = "0xf1845f05aba533e4656436af6c3622d214e7f6e0befbae14eef6d2b23462d0e6"
latest-published-id = "0xf1845f05aba533e4656436af6c3622d214e7f6e0befbae14eef6d2b23462d0e6"
published-version = "1"
